// !$*UTF8*$!
{
	archiveVersion = 1;
	classes = {
	};
	objectVersion = 46;
	objects = {

/* Begin PBXBuildFile section */
		1F42CA721CFB01A800599220 /* AppDelegate.swift in Sources */ = {isa = PBXBuildFile; fileRef = 1F42CA711CFB01A800599220 /* AppDelegate.swift */; };
		1F42CA741CFB01A800599220 /* ViewController.swift in Sources */ = {isa = PBXBuildFile; fileRef = 1F42CA731CFB01A800599220 /* ViewController.swift */; };
		1F42CA771CFB01A800599220 /* Main.storyboard in Resources */ = {isa = PBXBuildFile; fileRef = 1F42CA751CFB01A800599220 /* Main.storyboard */; };
		1F42CA7A1CFB01A800599220 /* MTGCounter.xcdatamodeld in Sources */ = {isa = PBXBuildFile; fileRef = 1F42CA781CFB01A800599220 /* MTGCounter.xcdatamodeld */; };
		1F42CA7C1CFB01A800599220 /* Assets.xcassets in Resources */ = {isa = PBXBuildFile; fileRef = 1F42CA7B1CFB01A800599220 /* Assets.xcassets */; };
		1F42CA7F1CFB01A800599220 /* LaunchScreen.storyboard in Resources */ = {isa = PBXBuildFile; fileRef = 1F42CA7D1CFB01A800599220 /* LaunchScreen.storyboard */; };
		1F42CA8A1CFB01A800599220 /* MTGCounterTests.swift in Sources */ = {isa = PBXBuildFile; fileRef = 1F42CA891CFB01A800599220 /* MTGCounterTests.swift */; };
		1F42CA951CFB01A800599220 /* MTGCounterUITests.swift in Sources */ = {isa = PBXBuildFile; fileRef = 1F42CA941CFB01A800599220 /* MTGCounterUITests.swift */; };
		1F42CAA31CFB125700599220 /* PlayerView.xib in Resources */ = {isa = PBXBuildFile; fileRef = 1F42CAA21CFB125700599220 /* PlayerView.xib */; };
		1F42CAA51CFB133500599220 /* PlayerView.swift in Sources */ = {isa = PBXBuildFile; fileRef = 1F42CAA41CFB133500599220 /* PlayerView.swift */; };
		1F42CAA71CFB1BE100599220 /* ContentView.swift in Sources */ = {isa = PBXBuildFile; fileRef = 1F42CAA61CFB1BE100599220 /* ContentView.swift */; };
		1F42CAAB1CFB218600599220 /* LifePicker.swift in Sources */ = {isa = PBXBuildFile; fileRef = 1F42CAAA1CFB218600599220 /* LifePicker.swift */; };
/* End PBXBuildFile section */

/* Begin PBXContainerItemProxy section */
		1F42CA861CFB01A800599220 /* PBXContainerItemProxy */ = {
			isa = PBXContainerItemProxy;
			containerPortal = 1F42CA661CFB01A800599220 /* Project object */;
			proxyType = 1;
			remoteGlobalIDString = 1F42CA6D1CFB01A800599220;
			remoteInfo = MTGCounter;
		};
		1F42CA911CFB01A800599220 /* PBXContainerItemProxy */ = {
			isa = PBXContainerItemProxy;
			containerPortal = 1F42CA661CFB01A800599220 /* Project object */;
			proxyType = 1;
			remoteGlobalIDString = 1F42CA6D1CFB01A800599220;
			remoteInfo = MTGCounter;
		};
/* End PBXContainerItemProxy section */

/* Begin PBXFileReference section */
		1F42CA6E1CFB01A800599220 /* MTGCounter.app */ = {isa = PBXFileReference; explicitFileType = wrapper.application; includeInIndex = 0; path = MTGCounter.app; sourceTree = BUILT_PRODUCTS_DIR; };
		1F42CA711CFB01A800599220 /* AppDelegate.swift */ = {isa = PBXFileReference; lastKnownFileType = sourcecode.swift; path = AppDelegate.swift; sourceTree = "<group>"; };
		1F42CA731CFB01A800599220 /* ViewController.swift */ = {isa = PBXFileReference; lastKnownFileType = sourcecode.swift; path = ViewController.swift; sourceTree = "<group>"; };
		1F42CA761CFB01A800599220 /* Base */ = {isa = PBXFileReference; lastKnownFileType = file.storyboard; name = Base; path = Base.lproj/Main.storyboard; sourceTree = "<group>"; };
		1F42CA791CFB01A800599220 /* MTGCounter.xcdatamodel */ = {isa = PBXFileReference; lastKnownFileType = wrapper.xcdatamodel; path = MTGCounter.xcdatamodel; sourceTree = "<group>"; };
		1F42CA7B1CFB01A800599220 /* Assets.xcassets */ = {isa = PBXFileReference; lastKnownFileType = folder.assetcatalog; path = Assets.xcassets; sourceTree = "<group>"; };
		1F42CA7E1CFB01A800599220 /* Base */ = {isa = PBXFileReference; lastKnownFileType = file.storyboard; name = Base; path = Base.lproj/LaunchScreen.storyboard; sourceTree = "<group>"; };
		1F42CA801CFB01A800599220 /* Info.plist */ = {isa = PBXFileReference; lastKnownFileType = text.plist.xml; path = Info.plist; sourceTree = "<group>"; };
		1F42CA851CFB01A800599220 /* MTGCounterTests.xctest */ = {isa = PBXFileReference; explicitFileType = wrapper.cfbundle; includeInIndex = 0; path = MTGCounterTests.xctest; sourceTree = BUILT_PRODUCTS_DIR; };
		1F42CA891CFB01A800599220 /* MTGCounterTests.swift */ = {isa = PBXFileReference; lastKnownFileType = sourcecode.swift; path = MTGCounterTests.swift; sourceTree = "<group>"; };
		1F42CA8B1CFB01A800599220 /* Info.plist */ = {isa = PBXFileReference; lastKnownFileType = text.plist.xml; path = Info.plist; sourceTree = "<group>"; };
		1F42CA901CFB01A800599220 /* MTGCounterUITests.xctest */ = {isa = PBXFileReference; explicitFileType = wrapper.cfbundle; includeInIndex = 0; path = MTGCounterUITests.xctest; sourceTree = BUILT_PRODUCTS_DIR; };
		1F42CA941CFB01A800599220 /* MTGCounterUITests.swift */ = {isa = PBXFileReference; lastKnownFileType = sourcecode.swift; path = MTGCounterUITests.swift; sourceTree = "<group>"; };
		1F42CA961CFB01A800599220 /* Info.plist */ = {isa = PBXFileReference; lastKnownFileType = text.plist.xml; path = Info.plist; sourceTree = "<group>"; };
		1F42CAA21CFB125700599220 /* PlayerView.xib */ = {isa = PBXFileReference; fileEncoding = 4; lastKnownFileType = file.xib; path = PlayerView.xib; sourceTree = "<group>"; };
		1F42CAA41CFB133500599220 /* PlayerView.swift */ = {isa = PBXFileReference; fileEncoding = 4; lastKnownFileType = sourcecode.swift; path = PlayerView.swift; sourceTree = "<group>"; };
		1F42CAA61CFB1BE100599220 /* ContentView.swift */ = {isa = PBXFileReference; fileEncoding = 4; lastKnownFileType = sourcecode.swift; path = ContentView.swift; sourceTree = "<group>"; };
		1F42CAAA1CFB218600599220 /* LifePicker.swift */ = {isa = PBXFileReference; fileEncoding = 4; lastKnownFileType = sourcecode.swift; path = LifePicker.swift; sourceTree = "<group>"; };
/* End PBXFileReference section */

/* Begin PBXFrameworksBuildPhase section */
		1F42CA6B1CFB01A800599220 /* Frameworks */ = {
			isa = PBXFrameworksBuildPhase;
			buildActionMask = 2147483647;
			files = (
			);
			runOnlyForDeploymentPostprocessing = 0;
		};
		1F42CA821CFB01A800599220 /* Frameworks */ = {
			isa = PBXFrameworksBuildPhase;
			buildActionMask = 2147483647;
			files = (
			);
			runOnlyForDeploymentPostprocessing = 0;
		};
		1F42CA8D1CFB01A800599220 /* Frameworks */ = {
			isa = PBXFrameworksBuildPhase;
			buildActionMask = 2147483647;
			files = (
			);
			runOnlyForDeploymentPostprocessing = 0;
		};
/* End PBXFrameworksBuildPhase section */

/* Begin PBXGroup section */
		1F42CA651CFB01A800599220 = {
			isa = PBXGroup;
			children = (
				1F42CA701CFB01A800599220 /* MTGCounter */,
				1F42CA881CFB01A800599220 /* MTGCounterTests */,
				1F42CA931CFB01A800599220 /* MTGCounterUITests */,
				1F42CA6F1CFB01A800599220 /* Products */,
			);
			sourceTree = "<group>";
		};
		1F42CA6F1CFB01A800599220 /* Products */ = {
			isa = PBXGroup;
			children = (
				1F42CA6E1CFB01A800599220 /* MTGCounter.app */,
				1F42CA851CFB01A800599220 /* MTGCounterTests.xctest */,
				1F42CA901CFB01A800599220 /* MTGCounterUITests.xctest */,
			);
			name = Products;
			sourceTree = "<group>";
		};
		1F42CA701CFB01A800599220 /* MTGCounter */ = {
			isa = PBXGroup;
			children = (
				1F42CA711CFB01A800599220 /* AppDelegate.swift */,
				1F42CA731CFB01A800599220 /* ViewController.swift */,
				1F42CA751CFB01A800599220 /* Main.storyboard */,
				1F42CA7B1CFB01A800599220 /* Assets.xcassets */,
				1F42CA7D1CFB01A800599220 /* LaunchScreen.storyboard */,
				1F42CA801CFB01A800599220 /* Info.plist */,
				1F42CA781CFB01A800599220 /* MTGCounter.xcdatamodeld */,
				1F42CAA21CFB125700599220 /* PlayerView.xib */,
				1F42CAA41CFB133500599220 /* PlayerView.swift */,
				1F42CAA61CFB1BE100599220 /* ContentView.swift */,
				1F42CAAA1CFB218600599220 /* LifePicker.swift */,
			);
			path = MTGCounter;
			sourceTree = "<group>";
		};
		1F42CA881CFB01A800599220 /* MTGCounterTests */ = {
			isa = PBXGroup;
			children = (
				1F42CA891CFB01A800599220 /* MTGCounterTests.swift */,
				1F42CA8B1CFB01A800599220 /* Info.plist */,
			);
			path = MTGCounterTests;
			sourceTree = "<group>";
		};
		1F42CA931CFB01A800599220 /* MTGCounterUITests */ = {
			isa = PBXGroup;
			children = (
				1F42CA941CFB01A800599220 /* MTGCounterUITests.swift */,
				1F42CA961CFB01A800599220 /* Info.plist */,
			);
			path = MTGCounterUITests;
			sourceTree = "<group>";
		};
/* End PBXGroup section */

/* Begin PBXNativeTarget section */
		1F42CA6D1CFB01A800599220 /* MTGCounter */ = {
			isa = PBXNativeTarget;
			buildConfigurationList = 1F42CA991CFB01A800599220 /* Build configuration list for PBXNativeTarget "MTGCounter" */;
			buildPhases = (
				1F42CA6A1CFB01A800599220 /* Sources */,
				1F42CA6B1CFB01A800599220 /* Frameworks */,
				1F42CA6C1CFB01A800599220 /* Resources */,
			);
			buildRules = (
			);
			dependencies = (
			);
			name = MTGCounter;
			productName = MTGCounter;
			productReference = 1F42CA6E1CFB01A800599220 /* MTGCounter.app */;
			productType = "com.apple.product-type.application";
		};
		1F42CA841CFB01A800599220 /* MTGCounterTests */ = {
			isa = PBXNativeTarget;
			buildConfigurationList = 1F42CA9C1CFB01A800599220 /* Build configuration list for PBXNativeTarget "MTGCounterTests" */;
			buildPhases = (
				1F42CA811CFB01A800599220 /* Sources */,
				1F42CA821CFB01A800599220 /* Frameworks */,
				1F42CA831CFB01A800599220 /* Resources */,
			);
			buildRules = (
			);
			dependencies = (
				1F42CA871CFB01A800599220 /* PBXTargetDependency */,
			);
			name = MTGCounterTests;
			productName = MTGCounterTests;
			productReference = 1F42CA851CFB01A800599220 /* MTGCounterTests.xctest */;
			productType = "com.apple.product-type.bundle.unit-test";
		};
		1F42CA8F1CFB01A800599220 /* MTGCounterUITests */ = {
			isa = PBXNativeTarget;
			buildConfigurationList = 1F42CA9F1CFB01A800599220 /* Build configuration list for PBXNativeTarget "MTGCounterUITests" */;
			buildPhases = (
				1F42CA8C1CFB01A800599220 /* Sources */,
				1F42CA8D1CFB01A800599220 /* Frameworks */,
				1F42CA8E1CFB01A800599220 /* Resources */,
			);
			buildRules = (
			);
			dependencies = (
				1F42CA921CFB01A800599220 /* PBXTargetDependency */,
			);
			name = MTGCounterUITests;
			productName = MTGCounterUITests;
			productReference = 1F42CA901CFB01A800599220 /* MTGCounterUITests.xctest */;
			productType = "com.apple.product-type.bundle.ui-testing";
		};
/* End PBXNativeTarget section */

/* Begin PBXProject section */
		1F42CA661CFB01A800599220 /* Project object */ = {
			isa = PBXProject;
			attributes = {
				LastSwiftUpdateCheck = 0730;
				LastUpgradeCheck = 0730;
				ORGANIZATIONNAME = renangreca;
				TargetAttributes = {
					1F42CA6D1CFB01A800599220 = {
						CreatedOnToolsVersion = 7.3.1;
						DevelopmentTeam = 6E3MXG6BSH;
					};
					1F42CA841CFB01A800599220 = {
						CreatedOnToolsVersion = 7.3.1;
						TestTargetID = 1F42CA6D1CFB01A800599220;
					};
					1F42CA8F1CFB01A800599220 = {
						CreatedOnToolsVersion = 7.3.1;
						TestTargetID = 1F42CA6D1CFB01A800599220;
					};
				};
			};
			buildConfigurationList = 1F42CA691CFB01A800599220 /* Build configuration list for PBXProject "MTGCounter" */;
			compatibilityVersion = "Xcode 3.2";
			developmentRegion = English;
			hasScannedForEncodings = 0;
			knownRegions = (
				en,
				Base,
			);
			mainGroup = 1F42CA651CFB01A800599220;
			productRefGroup = 1F42CA6F1CFB01A800599220 /* Products */;
			projectDirPath = "";
			projectRoot = "";
			targets = (
				1F42CA6D1CFB01A800599220 /* MTGCounter */,
				1F42CA841CFB01A800599220 /* MTGCounterTests */,
				1F42CA8F1CFB01A800599220 /* MTGCounterUITests */,
			);
		};
/* End PBXProject section */

/* Begin PBXResourcesBuildPhase section */
		1F42CA6C1CFB01A800599220 /* Resources */ = {
			isa = PBXResourcesBuildPhase;
			buildActionMask = 2147483647;
			files = (
				1F42CA7F1CFB01A800599220 /* LaunchScreen.storyboard in Resources */,
				1F42CA7C1CFB01A800599220 /* Assets.xcassets in Resources */,
				1F42CA771CFB01A800599220 /* Main.storyboard in Resources */,
				1F42CAA31CFB125700599220 /* PlayerView.xib in Resources */,
			);
			runOnlyForDeploymentPostprocessing = 0;
		};
		1F42CA831CFB01A800599220 /* Resources */ = {
			isa = PBXResourcesBuildPhase;
			buildActionMask = 2147483647;
			files = (
			);
			runOnlyForDeploymentPostprocessing = 0;
		};
		1F42CA8E1CFB01A800599220 /* Resources */ = {
			isa = PBXResourcesBuildPhase;
			buildActionMask = 2147483647;
			files = (
			);
			runOnlyForDeploymentPostprocessing = 0;
		};
/* End PBXResourcesBuildPhase section */

/* Begin PBXSourcesBuildPhase section */
		1F42CA6A1CFB01A800599220 /* Sources */ = {
			isa = PBXSourcesBuildPhase;
			buildActionMask = 2147483647;
			files = (
				1F42CAAB1CFB218600599220 /* LifePicker.swift in Sources */,
				1F42CA741CFB01A800599220 /* ViewController.swift in Sources */,
				1F42CAA71CFB1BE100599220 /* ContentView.swift in Sources */,
				1F42CA7A1CFB01A800599220 /* MTGCounter.xcdatamodeld in Sources */,
				1F42CA721CFB01A800599220 /* AppDelegate.swift in Sources */,
				1F42CAA51CFB133500599220 /* PlayerView.swift in Sources */,
			);
			runOnlyForDeploymentPostprocessing = 0;
		};
		1F42CA811CFB01A800599220 /* Sources */ = {
			isa = PBXSourcesBuildPhase;
			buildActionMask = 2147483647;
			files = (
				1F42CA8A1CFB01A800599220 /* MTGCounterTests.swift in Sources */,
			);
			runOnlyForDeploymentPostprocessing = 0;
		};
		1F42CA8C1CFB01A800599220 /* Sources */ = {
			isa = PBXSourcesBuildPhase;
			buildActionMask = 2147483647;
			files = (
				1F42CA951CFB01A800599220 /* MTGCounterUITests.swift in Sources */,
			);
			runOnlyForDeploymentPostprocessing = 0;
		};
/* End PBXSourcesBuildPhase section */

/* Begin PBXTargetDependency section */
		1F42CA871CFB01A800599220 /* PBXTargetDependency */ = {
			isa = PBXTargetDependency;
			target = 1F42CA6D1CFB01A800599220 /* MTGCounter */;
			targetProxy = 1F42CA861CFB01A800599220 /* PBXContainerItemProxy */;
		};
		1F42CA921CFB01A800599220 /* PBXTargetDependency */ = {
			isa = PBXTargetDependency;
			target = 1F42CA6D1CFB01A800599220 /* MTGCounter */;
			targetProxy = 1F42CA911CFB01A800599220 /* PBXContainerItemProxy */;
		};
/* End PBXTargetDependency section */

/* Begin PBXVariantGroup section */
		1F42CA751CFB01A800599220 /* Main.storyboard */ = {
			isa = PBXVariantGroup;
			children = (
				1F42CA761CFB01A800599220 /* Base */,
			);
			name = Main.storyboard;
			sourceTree = "<group>";
		};
		1F42CA7D1CFB01A800599220 /* LaunchScreen.storyboard */ = {
			isa = PBXVariantGroup;
			children = (
				1F42CA7E1CFB01A800599220 /* Base */,
			);
			name = LaunchScreen.storyboard;
			sourceTree = "<group>";
		};
/* End PBXVariantGroup section */

/* Begin XCBuildConfiguration section */
		1F42CA971CFB01A800599220 /* Debug */ = {
			isa = XCBuildConfiguration;
			buildSettings = {
				ALWAYS_SEARCH_USER_PATHS = NO;
				CLANG_ANALYZER_NONNULL = YES;
				CLANG_CXX_LANGUAGE_STANDARD = "gnu++0x";
				CLANG_CXX_LIBRARY = "libc++";
				CLANG_ENABLE_MODULES = YES;
				CLANG_ENABLE_OBJC_ARC = YES;
				CLANG_WARN_BOOL_CONVERSION = YES;
				CLANG_WARN_CONSTANT_CONVERSION = YES;
				CLANG_WARN_DIRECT_OBJC_ISA_USAGE = YES_ERROR;
				CLANG_WARN_EMPTY_BODY = YES;
				CLANG_WARN_ENUM_CONVERSION = YES;
				CLANG_WARN_INT_CONVERSION = YES;
				CLANG_WARN_OBJC_ROOT_CLASS = YES_ERROR;
				CLANG_WARN_UNREACHABLE_CODE = YES;
				CLANG_WARN__DUPLICATE_METHOD_MATCH = YES;
				"CODE_SIGN_IDENTITY[sdk=iphoneos*]" = "iPhone Developer";
				COPY_PHASE_STRIP = NO;
				DEBUG_INFORMATION_FORMAT = dwarf;
				ENABLE_STRICT_OBJC_MSGSEND = YES;
				ENABLE_TESTABILITY = YES;
				GCC_C_LANGUAGE_STANDARD = gnu99;
				GCC_DYNAMIC_NO_PIC = NO;
				GCC_NO_COMMON_BLOCKS = YES;
				GCC_OPTIMIZATION_LEVEL = 0;
				GCC_PREPROCESSOR_DEFINITIONS = (
					"DEBUG=1",
					"$(inherited)",
				);
				GCC_WARN_64_TO_32_BIT_CONVERSION = YES;
				GCC_WARN_ABOUT_RETURN_TYPE = YES_ERROR;
				GCC_WARN_UNDECLARED_SELECTOR = YES;
				GCC_WARN_UNINITIALIZED_AUTOS = YES_AGGRESSIVE;
				GCC_WARN_UNUSED_FUNCTION = YES;
				GCC_WARN_UNUSED_VARIABLE = YES;
				IPHONEOS_DEPLOYMENT_TARGET = 9.3;
				MTL_ENABLE_DEBUG_INFO = YES;
				ONLY_ACTIVE_ARCH = YES;
				SDKROOT = iphoneos;
				SWIFT_OPTIMIZATION_LEVEL = "-Onone";
				TARGETED_DEVICE_FAMILY = "1,2";
			};
			name = Debug;
		};
		1F42CA981CFB01A800599220 /* Release */ = {
			isa = XCBuildConfiguration;
			buildSettings = {
				ALWAYS_SEARCH_USER_PATHS = NO;
				CLANG_ANALYZER_NONNULL = YES;
				CLANG_CXX_LANGUAGE_STANDARD = "gnu++0x";
				CLANG_CXX_LIBRARY = "libc++";
				CLANG_ENABLE_MODULES = YES;
				CLANG_ENABLE_OBJC_ARC = YES;
				CLANG_WARN_BOOL_CONVERSION = YES;
				CLANG_WARN_CONSTANT_CONVERSION = YES;
				CLANG_WARN_DIRECT_OBJC_ISA_USAGE = YES_ERROR;
				CLANG_WARN_EMPTY_BODY = YES;
				CLANG_WARN_ENUM_CONVERSION = YES;
				CLANG_WARN_INT_CONVERSION = YES;
				CLANG_WARN_OBJC_ROOT_CLASS = YES_ERROR;
				CLANG_WARN_UNREACHABLE_CODE = YES;
				CLANG_WARN__DUPLICATE_METHOD_MATCH = YES;
				"CODE_SIGN_IDENTITY[sdk=iphoneos*]" = "iPhone Developer";
				COPY_PHASE_STRIP = NO;
				DEBUG_INFORMATION_FORMAT = "dwarf-with-dsym";
				ENABLE_NS_ASSERTIONS = NO;
				ENABLE_STRICT_OBJC_MSGSEND = YES;
				GCC_C_LANGUAGE_STANDARD = gnu99;
				GCC_NO_COMMON_BLOCKS = YES;
				GCC_WARN_64_TO_32_BIT_CONVERSION = YES;
				GCC_WARN_ABOUT_RETURN_TYPE = YES_ERROR;
				GCC_WARN_UNDECLARED_SELECTOR = YES;
				GCC_WARN_UNINITIALIZED_AUTOS = YES_AGGRESSIVE;
				GCC_WARN_UNUSED_FUNCTION = YES;
				GCC_WARN_UNUSED_VARIABLE = YES;
				IPHONEOS_DEPLOYMENT_TARGET = 9.3;
				MTL_ENABLE_DEBUG_INFO = NO;
				SDKROOT = iphoneos;
				TARGETED_DEVICE_FAMILY = "1,2";
				VALIDATE_PRODUCT = YES;
			};
			name = Release;
		};
		1F42CA9A1CFB01A800599220 /* Debug */ = {
			isa = XCBuildConfiguration;
			buildSettings = {
				ASSETCATALOG_COMPILER_APPICON_NAME = AppIcon;
				CODE_SIGN_IDENTITY = "iPhone Developer";
				"CODE_SIGN_IDENTITY[sdk=iphoneos*]" = "iPhone Developer";
				INFOPLIST_FILE = MTGCounter/Info.plist;
				LD_RUNPATH_SEARCH_PATHS = "$(inherited) @executable_path/Frameworks";
				PRODUCT_BUNDLE_IDENTIFIER = com.renangreca.MTGCounter;
				PRODUCT_NAME = "$(TARGET_NAME)";
				PROVISIONING_PROFILE = "";
			};
			name = Debug;
		};
		1F42CA9B1CFB01A800599220 /* Release */ = {
			isa = XCBuildConfiguration;
			buildSettings = {
				ASSETCATALOG_COMPILER_APPICON_NAME = AppIcon;
				CODE_SIGN_IDENTITY = "iPhone Developer";
				"CODE_SIGN_IDENTITY[sdk=iphoneos*]" = "iPhone Developer";
				INFOPLIST_FILE = MTGCounter/Info.plist;
				LD_RUNPATH_SEARCH_PATHS = "$(inherited) @executable_path/Frameworks";
				PRODUCT_BUNDLE_IDENTIFIER = com.renangreca.MTGCounter;
				PRODUCT_NAME = "$(TARGET_NAME)";
				PROVISIONING_PROFILE = "";
			};
			name = Release;
		};
		1F42CA9D1CFB01A800599220 /* Debug */ = {
			isa = XCBuildConfiguration;
			buildSettings = {
				BUNDLE_LOADER = "$(TEST_HOST)";
				INFOPLIST_FILE = MTGCounterTests/Info.plist;
				LD_RUNPATH_SEARCH_PATHS = "$(inherited) @executable_path/Frameworks @loader_path/Frameworks";
				PRODUCT_BUNDLE_IDENTIFIER = com.renangreca.MTGCounterTests;
				PRODUCT_NAME = "$(TARGET_NAME)";
				TEST_HOST = "$(BUILT_PRODUCTS_DIR)/MTGCounter.app/MTGCounter";
			};
			name = Debug;
		};
		1F42CA9E1CFB01A800599220 /* Release */ = {
			isa = XCBuildConfiguration;
			buildSettings = {
				BUNDLE_LOADER = "$(TEST_HOST)";
				INFOPLIST_FILE = MTGCounterTests/Info.plist;
				LD_RUNPATH_SEARCH_PATHS = "$(inherited) @executable_path/Frameworks @loader_path/Frameworks";
				PRODUCT_BUNDLE_IDENTIFIER = com.renangreca.MTGCounterTests;
				PRODUCT_NAME = "$(TARGET_NAME)";
				TEST_HOST = "$(BUILT_PRODUCTS_DIR)/MTGCounter.app/MTGCounter";
			};
			name = Release;
		};
		1F42CAA01CFB01A800599220 /* Debug */ = {
			isa = XCBuildConfiguration;
			buildSettings = {
				INFOPLIST_FILE = MTGCounterUITests/Info.plist;
				LD_RUNPATH_SEARCH_PATHS = "$(inherited) @executable_path/Frameworks @loader_path/Frameworks";
				PRODUCT_BUNDLE_IDENTIFIER = com.renangreca.MTGCounterUITests;
				PRODUCT_NAME = "$(TARGET_NAME)";
				TEST_TARGET_NAME = MTGCounter;
			};
			name = Debug;
		};
		1F42CAA11CFB01A800599220 /* Release */ = {
			isa = XCBuildConfiguration;
			buildSettings = {
				INFOPLIST_FILE = MTGCounterUITests/Info.plist;
				LD_RUNPATH_SEARCH_PATHS = "$(inherited) @executable_path/Frameworks @loader_path/Frameworks";
				PRODUCT_BUNDLE_IDENTIFIER = com.renangreca.MTGCounterUITests;
				PRODUCT_NAME = "$(TARGET_NAME)";
				TEST_TARGET_NAME = MTGCounter;
			};
			name = Release;
		};
/* End XCBuildConfiguration section */

/* Begin XCConfigurationList section */
		1F42CA691CFB01A800599220 /* Build configuration list for PBXProject "MTGCounter" */ = {
			isa = XCConfigurationList;
			buildConfigurations = (
				1F42CA971CFB01A800599220 /* Debug */,
				1F42CA981CFB01A800599220 /* Release */,
			);
			defaultConfigurationIsVisible = 0;
			defaultConfigurationName = Release;
		};
		1F42CA991CFB01A800599220 /* Build configuration list for PBXNativeTarget "MTGCounter" */ = {
			isa = XCConfigurationList;
			buildConfigurations = (
				1F42CA9A1CFB01A800599220 /* Debug */,
				1F42CA9B1CFB01A800599220 /* Release */,
			);
			defaultConfigurationIsVisible = 0;
		};
		1F42CA9C1CFB01A800599220 /* Build configuration list for PBXNativeTarget "MTGCounterTests" */ = {
			isa = XCConfigurationList;
			buildConfigurations = (
				1F42CA9D1CFB01A800599220 /* Debug */,
				1F42CA9E1CFB01A800599220 /* Release */,
			);
			defaultConfigurationIsVisible = 0;
		};
		1F42CA9F1CFB01A800599220 /* Build configuration list for PBXNativeTarget "MTGCounterUITests" */ = {
			isa = XCConfigurationList;
			buildConfigurations = (
				1F42CAA01CFB01A800599220 /* Debug */,
				1F42CAA11CFB01A800599220 /* Release */,
			);
			defaultConfigurationIsVisible = 0;
		};
/* End XCConfigurationList section */

/* Begin XCVersionGroup section */
		1F42CA781CFB01A800599220 /* MTGCounter.xcdatamodeld */ = {
			isa = XCVersionGroup;
			children = (
				1F42CA791CFB01A800599220 /* MTGCounter.xcdatamodel */,
			);
			currentVersion = 1F42CA791CFB01A800599220 /* MTGCounter.xcdatamodel */;
			path = MTGCounter.xcdatamodeld;
			sourceTree = "<group>";
			versionGroupType = wrapper.xcdatamodel;
		};
/* End XCVersionGroup section */
	};
	rootObject = 1F42CA661CFB01A800599220 /* Project object */;
}
